
Microsoft Visual Studio Solution File, Format Version 12.00
# Visual Studio Version 16
VisualStudioVersion = 16.0.32002.261
MinimumVisualStudioVersion = 10.0.40219.1
Project("{FAE04EC0-301F-11D3-BF4B-00C04F79EFBC}") = "UILayer", "UILayer\UILayer.csproj", "{5FDD3A8D-A1F9-4D7C-B7B3-CBC6AB24B8C7}"
EndProject
Global
	GlobalSection(SolutionConfigurationPlatforms) = preSolution
		Debug|Any CPU = Debug|Any CPU
		Release|Any CPU = Release|Any CPU
	EndGlobalSection
	GlobalSection(ProjectConfigurationPlatforms) = postSolution
		{5FDD3A8D-A1F9-4D7C-B7B3-CBC6AB24B8C7}.Debug|Any CPU.ActiveCfg = Debug|Any CPU
		{5FDD3A8D-A1F9-4D7C-B7B3-CBC6AB24B8C7}.Debug|Any CPU.Build.0 = Debug|Any CPU
		{5FDD3A8D-A1F9-4D7C-B7B3-CBC6AB24B8C7}.Release|Any CPU.ActiveCfg = Release|Any CPU
		{5FDD3A8D-A1F9-4D7C-B7B3-CBC6AB24B8C7}.Release|Any CPU.Build.0 = Release|Any CPU
	EndGlobalSection
	GlobalSection(SolutionProperties) = preSolution
		HideSolutionNode = FALSE
	EndGlobalSection
	GlobalSection(ExtensibilityGlobals) = postSolution
		SolutionGuid = {0BA5AD11-2B07-46F9-8CDC-B820366E8A35}
	EndGlobalSection
EndGlobal
